
Microsoft Visual Studio Solution File, Format Version 12.00
# Visual Studio Version 17
VisualStudioVersion = 17.10.35122.118
MinimumVisualStudioVersion = 10.0.40219.1
Project("{FAE04EC0-301F-11D3-BF4B-00C04F79EFBC}") = "libraryAPI", "libraryAPI\libraryAPI.csproj", "{B92D9E53-C913-45B1-AFBD-C2BD4284FFE5}"
EndProject
Global
	GlobalSection(SolutionConfigurationPlatforms) = preSolution
		Debug|Any CPU = Debug|Any CPU
		Release|Any CPU = Release|Any CPU
	EndGlobalSection
	GlobalSection(ProjectConfigurationPlatforms) = postSolution
		{B92D9E53-C913-45B1-AFBD-C2BD4284FFE5}.Debug|Any CPU.ActiveCfg = Debug|Any CPU
		{B92D9E53-C913-45B1-AFBD-C2BD4284FFE5}.Debug|Any CPU.Build.0 = Debug|Any CPU
		{B92D9E53-C913-45B1-AFBD-C2BD4284FFE5}.Release|Any CPU.ActiveCfg = Release|Any CPU
		{B92D9E53-C913-45B1-AFBD-C2BD4284FFE5}.Release|Any CPU.Build.0 = Release|Any CPU
	EndGlobalSection
	GlobalSection(SolutionProperties) = preSolution
		HideSolutionNode = FALSE
	EndGlobalSection
	GlobalSection(ExtensibilityGlobals) = postSolution
		SolutionGuid = {618C5027-BD86-4EE8-B709-C5E42A849668}
	EndGlobalSection
EndGlobal
